
Microsoft Visual Studio Solution File, Format Version 12.00
# Visual Studio Version 16
VisualStudioVersion = 16.0.31702.278
MinimumVisualStudioVersion = 10.0.40219.1
Project("{9A19103F-16F7-4668-BE54-9A1E7A4F7556}") = "Backend Example", "Backend Example.csproj", "{2983AD96-E32B-4C05-A305-51CF46A7DC49}"
EndProject
Project("{FAE04EC0-301F-11D3-BF4B-00C04F79EFBC}") = "BackendExample.NUnit", "..\BackendExample.NUnit\BackendExample.NUnit.csproj", "{6205A5AA-F251-4A5F-8115-F7A7539756A9}"
EndProject
Global
	GlobalSection(SolutionConfigurationPlatforms) = preSolution
		Debug|Any CPU = Debug|Any CPU
		Release|Any CPU = Release|Any CPU
	EndGlobalSection
	GlobalSection(ProjectConfigurationPlatforms) = postSolution
		{2983AD96-E32B-4C05-A305-51CF46A7DC49}.Debug|Any CPU.ActiveCfg = Debug|Any CPU
		{2983AD96-E32B-4C05-A305-51CF46A7DC49}.Debug|Any CPU.Build.0 = Debug|Any CPU
		{2983AD96-E32B-4C05-A305-51CF46A7DC49}.Release|Any CPU.ActiveCfg = Release|Any CPU
		{2983AD96-E32B-4C05-A305-51CF46A7DC49}.Release|Any CPU.Build.0 = Release|Any CPU
		{6205A5AA-F251-4A5F-8115-F7A7539756A9}.Debug|Any CPU.ActiveCfg = Debug|Any CPU
		{6205A5AA-F251-4A5F-8115-F7A7539756A9}.Debug|Any CPU.Build.0 = Debug|Any CPU
		{6205A5AA-F251-4A5F-8115-F7A7539756A9}.Release|Any CPU.ActiveCfg = Release|Any CPU
		{6205A5AA-F251-4A5F-8115-F7A7539756A9}.Release|Any CPU.Build.0 = Release|Any CPU
	EndGlobalSection
	GlobalSection(SolutionProperties) = preSolution
		HideSolutionNode = FALSE
	EndGlobalSection
	GlobalSection(ExtensibilityGlobals) = postSolution
		SolutionGuid = {CAFC3100-882E-403A-8A1F-84A4CA051F83}
	EndGlobalSection
EndGlobal
